
Microsoft Visual Studio Solution File, Format Version 12.00
# Visual Studio 14
VisualStudioVersion = 14.0.25420.1
MinimumVisualStudioVersion = 10.0.40219.1
Project("{FAE04EC0-301F-11D3-BF4B-00C04F79EFBC}") = "Animation_Parse", "Animation_Parse\Animation_Parse.csproj", "{38C2233A-F489-4CF2-BDC0-BEF5F7F6EBA7}"
EndProject
Project("{6141683F-8A12-4E36-9623-2EB02B2C2303}") = "Setup1", "Setup1\Setup1.isproj", "{303E2790-BBD1-480B-9D96-6253CE881E2A}"
EndProject
Global
	GlobalSection(SolutionConfigurationPlatforms) = preSolution
		CD_ROM|Any CPU = CD_ROM|Any CPU
		Debug|Any CPU = Debug|Any CPU
		DVD-5|Any CPU = DVD-5|Any CPU
		Release|Any CPU = Release|Any CPU
		SingleImage|Any CPU = SingleImage|Any CPU
	EndGlobalSection
	GlobalSection(ProjectConfigurationPlatforms) = postSolution
		{38C2233A-F489-4CF2-BDC0-BEF5F7F6EBA7}.CD_ROM|Any CPU.ActiveCfg = Release|Any CPU
		{38C2233A-F489-4CF2-BDC0-BEF5F7F6EBA7}.CD_ROM|Any CPU.Build.0 = Release|Any CPU
		{38C2233A-F489-4CF2-BDC0-BEF5F7F6EBA7}.Debug|Any CPU.ActiveCfg = Debug|Any CPU
		{38C2233A-F489-4CF2-BDC0-BEF5F7F6EBA7}.Debug|Any CPU.Build.0 = Debug|Any CPU
		{38C2233A-F489-4CF2-BDC0-BEF5F7F6EBA7}.DVD-5|Any CPU.ActiveCfg = Debug|Any CPU
		{38C2233A-F489-4CF2-BDC0-BEF5F7F6EBA7}.DVD-5|Any CPU.Build.0 = Debug|Any CPU
		{38C2233A-F489-4CF2-BDC0-BEF5F7F6EBA7}.Release|Any CPU.ActiveCfg = Release|Any CPU
		{38C2233A-F489-4CF2-BDC0-BEF5F7F6EBA7}.Release|Any CPU.Build.0 = Release|Any CPU
		{38C2233A-F489-4CF2-BDC0-BEF5F7F6EBA7}.SingleImage|Any CPU.ActiveCfg = Release|Any CPU
		{38C2233A-F489-4CF2-BDC0-BEF5F7F6EBA7}.SingleImage|Any CPU.Build.0 = Release|Any CPU
		{303E2790-BBD1-480B-9D96-6253CE881E2A}.CD_ROM|Any CPU.ActiveCfg = CD_ROM
		{303E2790-BBD1-480B-9D96-6253CE881E2A}.CD_ROM|Any CPU.Build.0 = CD_ROM
		{303E2790-BBD1-480B-9D96-6253CE881E2A}.Debug|Any CPU.ActiveCfg = DVD-5
		{303E2790-BBD1-480B-9D96-6253CE881E2A}.Debug|Any CPU.Build.0 = DVD-5
		{303E2790-BBD1-480B-9D96-6253CE881E2A}.DVD-5|Any CPU.ActiveCfg = DVD-5
		{303E2790-BBD1-480B-9D96-6253CE881E2A}.DVD-5|Any CPU.Build.0 = DVD-5
		{303E2790-BBD1-480B-9D96-6253CE881E2A}.Release|Any CPU.ActiveCfg = SingleImage
		{303E2790-BBD1-480B-9D96-6253CE881E2A}.Release|Any CPU.Build.0 = SingleImage
		{303E2790-BBD1-480B-9D96-6253CE881E2A}.SingleImage|Any CPU.ActiveCfg = SingleImage
		{303E2790-BBD1-480B-9D96-6253CE881E2A}.SingleImage|Any CPU.Build.0 = SingleImage
	EndGlobalSection
	GlobalSection(SolutionProperties) = preSolution
		HideSolutionNode = FALSE
	EndGlobalSection
EndGlobal
